// !$*UTF8*$!
{
	archiveVersion = 1;
	classes = {
	};
	objectVersion = 56;
	objects = {

/* Begin PBXBuildFile section */
		11297B342BC82C0200AC2D17 /* pixel_lcd_7.ttf in Resources */ = {isa = PBXBuildFile; fileRef = 11297B322BC82C0200AC2D17 /* pixel_lcd_7.ttf */; };
		11297B352BC82C0200AC2D17 /* Consolas.ttf in Resources */ = {isa = PBXBuildFile; fileRef = 11297B332BC82C0200AC2D17 /* Consolas.ttf */; };
		11297B382BC8450A00AC2D17 /* Weather.swift in Sources */ = {isa = PBXBuildFile; fileRef = 11297B372BC8450A00AC2D17 /* Weather.swift */; };
		1166A34F2BC858EC00ECAAC5 /* WeatherViewModel.swift in Sources */ = {isa = PBXBuildFile; fileRef = 1166A34E2BC858EC00ECAAC5 /* WeatherViewModel.swift */; };
		1166A3512BC8735100ECAAC5 /* Font+Style.swift in Sources */ = {isa = PBXBuildFile; fileRef = 1166A3502BC8735100ECAAC5 /* Font+Style.swift */; };
		1166A3532BC88B9C00ECAAC5 /* WeatherData.swift in Sources */ = {isa = PBXBuildFile; fileRef = 1166A3522BC88B9C00ECAAC5 /* WeatherData.swift */; };
		117036792BD068BD004FB53E /* HourlyWeather.swift in Sources */ = {isa = PBXBuildFile; fileRef = 117036782BD068BD004FB53E /* HourlyWeather.swift */; };
		117E3D602BC6E448001ED05A /* PixelMeteoApp.swift in Sources */ = {isa = PBXBuildFile; fileRef = 117E3D5F2BC6E448001ED05A /* PixelMeteoApp.swift */; };
		117E3D622BC6E448001ED05A /* ContentView.swift in Sources */ = {isa = PBXBuildFile; fileRef = 117E3D612BC6E448001ED05A /* ContentView.swift */; };
		117E3D642BC6E449001ED05A /* Assets.xcassets in Resources */ = {isa = PBXBuildFile; fileRef = 117E3D632BC6E449001ED05A /* Assets.xcassets */; };
		117E3D672BC6E449001ED05A /* Preview Assets.xcassets in Resources */ = {isa = PBXBuildFile; fileRef = 117E3D662BC6E449001ED05A /* Preview Assets.xcassets */; };
		117E3D712BC6E449001ED05A /* PixelMeteoTests.swift in Sources */ = {isa = PBXBuildFile; fileRef = 117E3D702BC6E449001ED05A /* PixelMeteoTests.swift */; };
		117E3D7B2BC6E449001ED05A /* PixelMeteoUITests.swift in Sources */ = {isa = PBXBuildFile; fileRef = 117E3D7A2BC6E449001ED05A /* PixelMeteoUITests.swift */; };
		117E3D7D2BC6E449001ED05A /* PixelMeteoUITestsLaunchTests.swift in Sources */ = {isa = PBXBuildFile; fileRef = 117E3D7C2BC6E449001ED05A /* PixelMeteoUITestsLaunchTests.swift */; };
/* End PBXBuildFile section */

/* Begin PBXContainerItemProxy section */
		117E3D6D2BC6E449001ED05A /* PBXContainerItemProxy */ = {
			isa = PBXContainerItemProxy;
			containerPortal = 117E3D542BC6E448001ED05A /* Project object */;
			proxyType = 1;
			remoteGlobalIDString = 117E3D5B2BC6E448001ED05A;
			remoteInfo = PixelMeteo;
		};
		117E3D772BC6E449001ED05A /* PBXContainerItemProxy */ = {
			isa = PBXContainerItemProxy;
			containerPortal = 117E3D542BC6E448001ED05A /* Project object */;
			proxyType = 1;
			remoteGlobalIDString = 117E3D5B2BC6E448001ED05A;
			remoteInfo = PixelMeteo;
		};
/* End PBXContainerItemProxy section */

/* Begin PBXFileReference section */
		11297B322BC82C0200AC2D17 /* pixel_lcd_7.ttf */ = {isa = PBXFileReference; lastKnownFileType = file; path = pixel_lcd_7.ttf; sourceTree = "<group>"; };
		11297B332BC82C0200AC2D17 /* Consolas.ttf */ = {isa = PBXFileReference; lastKnownFileType = file; path = Consolas.ttf; sourceTree = "<group>"; };
		11297B362BC82C1400AC2D17 /* Info.plist */ = {isa = PBXFileReference; lastKnownFileType = text.plist; path = Info.plist; sourceTree = "<group>"; };
		11297B372BC8450A00AC2D17 /* Weather.swift */ = {isa = PBXFileReference; lastKnownFileType = sourcecode.swift; path = Weather.swift; sourceTree = "<group>"; };
		1166A34E2BC858EC00ECAAC5 /* WeatherViewModel.swift */ = {isa = PBXFileReference; lastKnownFileType = sourcecode.swift; path = WeatherViewModel.swift; sourceTree = "<group>"; };
		1166A3502BC8735100ECAAC5 /* Font+Style.swift */ = {isa = PBXFileReference; lastKnownFileType = sourcecode.swift; path = "Font+Style.swift"; sourceTree = "<group>"; };
		1166A3522BC88B9C00ECAAC5 /* WeatherData.swift */ = {isa = PBXFileReference; lastKnownFileType = sourcecode.swift; path = WeatherData.swift; sourceTree = "<group>"; };
		117036782BD068BD004FB53E /* HourlyWeather.swift */ = {isa = PBXFileReference; lastKnownFileType = sourcecode.swift; path = HourlyWeather.swift; sourceTree = "<group>"; };
		117E3D5C2BC6E448001ED05A /* PixelMeteo.app */ = {isa = PBXFileReference; explicitFileType = wrapper.application; includeInIndex = 0; path = PixelMeteo.app; sourceTree = BUILT_PRODUCTS_DIR; };
		117E3D5F2BC6E448001ED05A /* PixelMeteoApp.swift */ = {isa = PBXFileReference; lastKnownFileType = sourcecode.swift; path = PixelMeteoApp.swift; sourceTree = "<group>"; };
		117E3D612BC6E448001ED05A /* ContentView.swift */ = {isa = PBXFileReference; lastKnownFileType = sourcecode.swift; path = ContentView.swift; sourceTree = "<group>"; };
		117E3D632BC6E449001ED05A /* Assets.xcassets */ = {isa = PBXFileReference; lastKnownFileType = folder.assetcatalog; path = Assets.xcassets; sourceTree = "<group>"; };
		117E3D662BC6E449001ED05A /* Preview Assets.xcassets */ = {isa = PBXFileReference; lastKnownFileType = folder.assetcatalog; path = "Preview Assets.xcassets"; sourceTree = "<group>"; };
		117E3D6C2BC6E449001ED05A /* PixelMeteoTests.xctest */ = {isa = PBXFileReference; explicitFileType = wrapper.cfbundle; includeInIndex = 0; path = PixelMeteoTests.xctest; sourceTree = BUILT_PRODUCTS_DIR; };
		117E3D702BC6E449001ED05A /* PixelMeteoTests.swift */ = {isa = PBXFileReference; lastKnownFileType = sourcecode.swift; path = PixelMeteoTests.swift; sourceTree = "<group>"; };
		117E3D762BC6E449001ED05A /* PixelMeteoUITests.xctest */ = {isa = PBXFileReference; explicitFileType = wrapper.cfbundle; includeInIndex = 0; path = PixelMeteoUITests.xctest; sourceTree = BUILT_PRODUCTS_DIR; };
		117E3D7A2BC6E449001ED05A /* PixelMeteoUITests.swift */ = {isa = PBXFileReference; lastKnownFileType = sourcecode.swift; path = PixelMeteoUITests.swift; sourceTree = "<group>"; };
		117E3D7C2BC6E449001ED05A /* PixelMeteoUITestsLaunchTests.swift */ = {isa = PBXFileReference; lastKnownFileType = sourcecode.swift; path = PixelMeteoUITestsLaunchTests.swift; sourceTree = "<group>"; };
/* End PBXFileReference section */

/* Begin PBXFrameworksBuildPhase section */
		117E3D592BC6E448001ED05A /* Frameworks */ = {
			isa = PBXFrameworksBuildPhase;
			buildActionMask = 2147483647;
			files = (
			);
			runOnlyForDeploymentPostprocessing = 0;
		};
		117E3D692BC6E449001ED05A /* Frameworks */ = {
			isa = PBXFrameworksBuildPhase;
			buildActionMask = 2147483647;
			files = (
			);
			runOnlyForDeploymentPostprocessing = 0;
		};
		117E3D732BC6E449001ED05A /* Frameworks */ = {
			isa = PBXFrameworksBuildPhase;
			buildActionMask = 2147483647;
			files = (
			);
			runOnlyForDeploymentPostprocessing = 0;
		};
/* End PBXFrameworksBuildPhase section */

/* Begin PBXGroup section */
		11297B312BC82BC700AC2D17 /* assets */ = {
			isa = PBXGroup;
			children = (
				11297B332BC82C0200AC2D17 /* Consolas.ttf */,
				11297B322BC82C0200AC2D17 /* pixel_lcd_7.ttf */,
			);
			path = assets;
			sourceTree = "<group>";
		};
		11297B3B2BC84F1B00AC2D17 /* Models */ = {
			isa = PBXGroup;
			children = (
				11297B372BC8450A00AC2D17 /* Weather.swift */,
				1166A3522BC88B9C00ECAAC5 /* WeatherData.swift */,
				117036782BD068BD004FB53E /* HourlyWeather.swift */,
			);
			path = Models;
			sourceTree = "<group>";
		};
		11297B3C2BC84F3B00AC2D17 /* Views */ = {
			isa = PBXGroup;
			children = (
				117E3D612BC6E448001ED05A /* ContentView.swift */,
				1166A3502BC8735100ECAAC5 /* Font+Style.swift */,
			);
			name = Views;
			path = PixelMeteo/Views;
			sourceTree = SOURCE_ROOT;
		};
		11297B3F2BC8517400AC2D17 /* ViewModel */ = {
			isa = PBXGroup;
			children = (
				1166A34E2BC858EC00ECAAC5 /* WeatherViewModel.swift */,
			);
			path = ViewModel;
			sourceTree = "<group>";
		};
		117E3D532BC6E448001ED05A = {
			isa = PBXGroup;
			children = (
				117E3D5E2BC6E448001ED05A /* PixelMeteo */,
				117E3D6F2BC6E449001ED05A /* PixelMeteoTests */,
				117E3D792BC6E449001ED05A /* PixelMeteoUITests */,
				117E3D5D2BC6E448001ED05A /* Products */,
			);
			sourceTree = "<group>";
		};
		117E3D5D2BC6E448001ED05A /* Products */ = {
			isa = PBXGroup;
			children = (
				117E3D5C2BC6E448001ED05A /* PixelMeteo.app */,
				117E3D6C2BC6E449001ED05A /* PixelMeteoTests.xctest */,
				117E3D762BC6E449001ED05A /* PixelMeteoUITests.xctest */,
			);
			name = Products;
			sourceTree = "<group>";
		};
		117E3D5E2BC6E448001ED05A /* PixelMeteo */ = {
			isa = PBXGroup;
			children = (
				11297B3F2BC8517400AC2D17 /* ViewModel */,
				11297B3B2BC84F1B00AC2D17 /* Models */,
				11297B3C2BC84F3B00AC2D17 /* Views */,
				11297B362BC82C1400AC2D17 /* Info.plist */,
				117E3D5F2BC6E448001ED05A /* PixelMeteoApp.swift */,
				117E3D632BC6E449001ED05A /* Assets.xcassets */,
				11297B312BC82BC700AC2D17 /* assets */,
				117E3D652BC6E449001ED05A /* Preview Content */,
			);
			path = PixelMeteo;
			sourceTree = "<group>";
		};
		117E3D652BC6E449001ED05A /* Preview Content */ = {
			isa = PBXGroup;
			children = (
				117E3D662BC6E449001ED05A /* Preview Assets.xcassets */,
			);
			path = "Preview Content";
			sourceTree = "<group>";
		};
		117E3D6F2BC6E449001ED05A /* PixelMeteoTests */ = {
			isa = PBXGroup;
			children = (
				117E3D702BC6E449001ED05A /* PixelMeteoTests.swift */,
			);
			path = PixelMeteoTests;
			sourceTree = "<group>";
		};
		117E3D792BC6E449001ED05A /* PixelMeteoUITests */ = {
			isa = PBXGroup;
			children = (
				117E3D7A2BC6E449001ED05A /* PixelMeteoUITests.swift */,
				117E3D7C2BC6E449001ED05A /* PixelMeteoUITestsLaunchTests.swift */,
			);
			path = PixelMeteoUITests;
			sourceTree = "<group>";
		};
/* End PBXGroup section */

/* Begin PBXNativeTarget section */
		117E3D5B2BC6E448001ED05A /* PixelMeteo */ = {
			isa = PBXNativeTarget;
			buildConfigurationList = 117E3D802BC6E449001ED05A /* Build configuration list for PBXNativeTarget "PixelMeteo" */;
			buildPhases = (
				117E3D582BC6E448001ED05A /* Sources */,
				117E3D592BC6E448001ED05A /* Frameworks */,
				117E3D5A2BC6E448001ED05A /* Resources */,
			);
			buildRules = (
			);
			dependencies = (
			);
			name = PixelMeteo;
			productName = PixelMeteo;
			productReference = 117E3D5C2BC6E448001ED05A /* PixelMeteo.app */;
			productType = "com.apple.product-type.application";
		};
		117E3D6B2BC6E449001ED05A /* PixelMeteoTests */ = {
			isa = PBXNativeTarget;
			buildConfigurationList = 117E3D832BC6E449001ED05A /* Build configuration list for PBXNativeTarget "PixelMeteoTests" */;
			buildPhases = (
				117E3D682BC6E449001ED05A /* Sources */,
				117E3D692BC6E449001ED05A /* Frameworks */,
				117E3D6A2BC6E449001ED05A /* Resources */,
			);
			buildRules = (
			);
			dependencies = (
				117E3D6E2BC6E449001ED05A /* PBXTargetDependency */,
			);
			name = PixelMeteoTests;
			productName = PixelMeteoTests;
			productReference = 117E3D6C2BC6E449001ED05A /* PixelMeteoTests.xctest */;
			productType = "com.apple.product-type.bundle.unit-test";
		};
		117E3D752BC6E449001ED05A /* PixelMeteoUITests */ = {
			isa = PBXNativeTarget;
			buildConfigurationList = 117E3D862BC6E449001ED05A /* Build configuration list for PBXNativeTarget "PixelMeteoUITests" */;
			buildPhases = (
				117E3D722BC6E449001ED05A /* Sources */,
				117E3D732BC6E449001ED05A /* Frameworks */,
				117E3D742BC6E449001ED05A /* Resources */,
			);
			buildRules = (
			);
			dependencies = (
				117E3D782BC6E449001ED05A /* PBXTargetDependency */,
			);
			name = PixelMeteoUITests;
			productName = PixelMeteoUITests;
			productReference = 117E3D762BC6E449001ED05A /* PixelMeteoUITests.xctest */;
			productType = "com.apple.product-type.bundle.ui-testing";
		};
/* End PBXNativeTarget section */

/* Begin PBXProject section */
		117E3D542BC6E448001ED05A /* Project object */ = {
			isa = PBXProject;
			attributes = {
				BuildIndependentTargetsInParallel = 1;
				LastSwiftUpdateCheck = 1530;
				LastUpgradeCheck = 1530;
				TargetAttributes = {
					117E3D5B2BC6E448001ED05A = {
						CreatedOnToolsVersion = 15.3;
					};
					117E3D6B2BC6E449001ED05A = {
						CreatedOnToolsVersion = 15.3;
						TestTargetID = 117E3D5B2BC6E448001ED05A;
					};
					117E3D752BC6E449001ED05A = {
						CreatedOnToolsVersion = 15.3;
						TestTargetID = 117E3D5B2BC6E448001ED05A;
					};
				};
			};
			buildConfigurationList = 117E3D572BC6E448001ED05A /* Build configuration list for PBXProject "PixelMeteo" */;
			compatibilityVersion = "Xcode 14.0";
			developmentRegion = en;
			hasScannedForEncodings = 0;
			knownRegions = (
				en,
				Base,
			);
			mainGroup = 117E3D532BC6E448001ED05A;
			productRefGroup = 117E3D5D2BC6E448001ED05A /* Products */;
			projectDirPath = "";
			projectRoot = "";
			targets = (
				117E3D5B2BC6E448001ED05A /* PixelMeteo */,
				117E3D6B2BC6E449001ED05A /* PixelMeteoTests */,
				117E3D752BC6E449001ED05A /* PixelMeteoUITests */,
			);
		};
/* End PBXProject section */

/* Begin PBXResourcesBuildPhase section */
		117E3D5A2BC6E448001ED05A /* Resources */ = {
			isa = PBXResourcesBuildPhase;
			buildActionMask = 2147483647;
			files = (
				11297B342BC82C0200AC2D17 /* pixel_lcd_7.ttf in Resources */,
				117E3D672BC6E449001ED05A /* Preview Assets.xcassets in Resources */,
				11297B352BC82C0200AC2D17 /* Consolas.ttf in Resources */,
				117E3D642BC6E449001ED05A /* Assets.xcassets in Resources */,
			);
			runOnlyForDeploymentPostprocessing = 0;
		};
		117E3D6A2BC6E449001ED05A /* Resources */ = {
			isa = PBXResourcesBuildPhase;
			buildActionMask = 2147483647;
			files = (
			);
			runOnlyForDeploymentPostprocessing = 0;
		};
		117E3D742BC6E449001ED05A /* Resources */ = {
			isa = PBXResourcesBuildPhase;
			buildActionMask = 2147483647;
			files = (
			);
			runOnlyForDeploymentPostprocessing = 0;
		};
/* End PBXResourcesBuildPhase section */

/* Begin PBXSourcesBuildPhase section */
		117E3D582BC6E448001ED05A /* Sources */ = {
			isa = PBXSourcesBuildPhase;
			buildActionMask = 2147483647;
			files = (
				117E3D622BC6E448001ED05A /* ContentView.swift in Sources */,
				117036792BD068BD004FB53E /* HourlyWeather.swift in Sources */,
				1166A34F2BC858EC00ECAAC5 /* WeatherViewModel.swift in Sources */,
				11297B382BC8450A00AC2D17 /* Weather.swift in Sources */,
				1166A3512BC8735100ECAAC5 /* Font+Style.swift in Sources */,
				1166A3532BC88B9C00ECAAC5 /* WeatherData.swift in Sources */,
				117E3D602BC6E448001ED05A /* PixelMeteoApp.swift in Sources */,
			);
			runOnlyForDeploymentPostprocessing = 0;
		};
		117E3D682BC6E449001ED05A /* Sources */ = {
			isa = PBXSourcesBuildPhase;
			buildActionMask = 2147483647;
			files = (
				117E3D712BC6E449001ED05A /* PixelMeteoTests.swift in Sources */,
			);
			runOnlyForDeploymentPostprocessing = 0;
		};
		117E3D722BC6E449001ED05A /* Sources */ = {
			isa = PBXSourcesBuildPhase;
			buildActionMask = 2147483647;
			files = (
				117E3D7D2BC6E449001ED05A /* PixelMeteoUITestsLaunchTests.swift in Sources */,
				117E3D7B2BC6E449001ED05A /* PixelMeteoUITests.swift in Sources */,
			);
			runOnlyForDeploymentPostprocessing = 0;
		};
/* End PBXSourcesBuildPhase section */

/* Begin PBXTargetDependency section */
		117E3D6E2BC6E449001ED05A /* PBXTargetDependency */ = {
			isa = PBXTargetDependency;
			target = 117E3D5B2BC6E448001ED05A /* PixelMeteo */;
			targetProxy = 117E3D6D2BC6E449001ED05A /* PBXContainerItemProxy */;
		};
		117E3D782BC6E449001ED05A /* PBXTargetDependency */ = {
			isa = PBXTargetDependency;
			target = 117E3D5B2BC6E448001ED05A /* PixelMeteo */;
			targetProxy = 117E3D772BC6E449001ED05A /* PBXContainerItemProxy */;
		};
/* End PBXTargetDependency section */

/* Begin XCBuildConfiguration section */
		117E3D7E2BC6E449001ED05A /* Debug */ = {
			isa = XCBuildConfiguration;
			buildSettings = {
				ALWAYS_SEARCH_USER_PATHS = NO;
				ASSETCATALOG_COMPILER_GENERATE_SWIFT_ASSET_SYMBOL_EXTENSIONS = YES;
				CLANG_ANALYZER_NONNULL = YES;
				CLANG_ANALYZER_NUMBER_OBJECT_CONVERSION = YES_AGGRESSIVE;
				CLANG_CXX_LANGUAGE_STANDARD = "gnu++20";
				CLANG_ENABLE_MODULES = YES;
				CLANG_ENABLE_OBJC_ARC = YES;
				CLANG_ENABLE_OBJC_WEAK = YES;
				CLANG_WARN_BLOCK_CAPTURE_AUTORELEASING = YES;
				CLANG_WARN_BOOL_CONVERSION = YES;
				CLANG_WARN_COMMA = YES;
				CLANG_WARN_CONSTANT_CONVERSION = YES;
				CLANG_WARN_DEPRECATED_OBJC_IMPLEMENTATIONS = YES;
				CLANG_WARN_DIRECT_OBJC_ISA_USAGE = YES_ERROR;
				CLANG_WARN_DOCUMENTATION_COMMENTS = YES;
				CLANG_WARN_EMPTY_BODY = YES;
				CLANG_WARN_ENUM_CONVERSION = YES;
				CLANG_WARN_INFINITE_RECURSION = YES;
				CLANG_WARN_INT_CONVERSION = YES;
				CLANG_WARN_NON_LITERAL_NULL_CONVERSION = YES;
				CLANG_WARN_OBJC_IMPLICIT_RETAIN_SELF = YES;
				CLANG_WARN_OBJC_LITERAL_CONVERSION = YES;
				CLANG_WARN_OBJC_ROOT_CLASS = YES_ERROR;
				CLANG_WARN_QUOTED_INCLUDE_IN_FRAMEWORK_HEADER = YES;
				CLANG_WARN_RANGE_LOOP_ANALYSIS = YES;
				CLANG_WARN_STRICT_PROTOTYPES = YES;
				CLANG_WARN_SUSPICIOUS_MOVE = YES;
				CLANG_WARN_UNGUARDED_AVAILABILITY = YES_AGGRESSIVE;
				CLANG_WARN_UNREACHABLE_CODE = YES;
				CLANG_WARN__DUPLICATE_METHOD_MATCH = YES;
				COPY_PHASE_STRIP = NO;
				DEBUG_INFORMATION_FORMAT = dwarf;
				ENABLE_STRICT_OBJC_MSGSEND = YES;
				ENABLE_TESTABILITY = YES;
				ENABLE_USER_SCRIPT_SANDBOXING = YES;
				GCC_C_LANGUAGE_STANDARD = gnu17;
				GCC_DYNAMIC_NO_PIC = NO;
				GCC_NO_COMMON_BLOCKS = YES;
				GCC_OPTIMIZATION_LEVEL = 0;
				GCC_PREPROCESSOR_DEFINITIONS = (
					"DEBUG=1",
					"$(inherited)",
				);
				GCC_WARN_64_TO_32_BIT_CONVERSION = YES;
				GCC_WARN_ABOUT_RETURN_TYPE = YES_ERROR;
				GCC_WARN_UNDECLARED_SELECTOR = YES;
				GCC_WARN_UNINITIALIZED_AUTOS = YES_AGGRESSIVE;
				GCC_WARN_UNUSED_FUNCTION = YES;
				GCC_WARN_UNUSED_VARIABLE = YES;
				IPHONEOS_DEPLOYMENT_TARGET = 17.4;
				LOCALIZATION_PREFERS_STRING_CATALOGS = YES;
				MTL_ENABLE_DEBUG_INFO = INCLUDE_SOURCE;
				MTL_FAST_MATH = YES;
				ONLY_ACTIVE_ARCH = YES;
				SDKROOT = iphoneos;
				SWIFT_ACTIVE_COMPILATION_CONDITIONS = "DEBUG $(inherited)";
				SWIFT_OPTIMIZATION_LEVEL = "-Onone";
			};
			name = Debug;
		};
		117E3D7F2BC6E449001ED05A /* Release */ = {
			isa = XCBuildConfiguration;
			buildSettings = {
				ALWAYS_SEARCH_USER_PATHS = NO;
				ASSETCATALOG_COMPILER_GENERATE_SWIFT_ASSET_SYMBOL_EXTENSIONS = YES;
				CLANG_ANALYZER_NONNULL = YES;
				CLANG_ANALYZER_NUMBER_OBJECT_CONVERSION = YES_AGGRESSIVE;
				CLANG_CXX_LANGUAGE_STANDARD = "gnu++20";
				CLANG_ENABLE_MODULES = YES;
				CLANG_ENABLE_OBJC_ARC = YES;
				CLANG_ENABLE_OBJC_WEAK = YES;
				CLANG_WARN_BLOCK_CAPTURE_AUTORELEASING = YES;
				CLANG_WARN_BOOL_CONVERSION = YES;
				CLANG_WARN_COMMA = YES;
				CLANG_WARN_CONSTANT_CONVERSION = YES;
				CLANG_WARN_DEPRECATED_OBJC_IMPLEMENTATIONS = YES;
				CLANG_WARN_DIRECT_OBJC_ISA_USAGE = YES_ERROR;
				CLANG_WARN_DOCUMENTATION_COMMENTS = YES;
				CLANG_WARN_EMPTY_BODY = YES;
				CLANG_WARN_ENUM_CONVERSION = YES;
				CLANG_WARN_INFINITE_RECURSION = YES;
				CLANG_WARN_INT_CONVERSION = YES;
				CLANG_WARN_NON_LITERAL_NULL_CONVERSION = YES;
				CLANG_WARN_OBJC_IMPLICIT_RETAIN_SELF = YES;
				CLANG_WARN_OBJC_LITERAL_CONVERSION = YES;
				CLANG_WARN_OBJC_ROOT_CLASS = YES_ERROR;
				CLANG_WARN_QUOTED_INCLUDE_IN_FRAMEWORK_HEADER = YES;
				CLANG_WARN_RANGE_LOOP_ANALYSIS = YES;
				CLANG_WARN_STRICT_PROTOTYPES = YES;
				CLANG_WARN_SUSPICIOUS_MOVE = YES;
				CLANG_WARN_UNGUARDED_AVAILABILITY = YES_AGGRESSIVE;
				CLANG_WARN_UNREACHABLE_CODE = YES;
				CLANG_WARN__DUPLICATE_METHOD_MATCH = YES;
				COPY_PHASE_STRIP = NO;
				DEBUG_INFORMATION_FORMAT = "dwarf-with-dsym";
				ENABLE_NS_ASSERTIONS = NO;
				ENABLE_STRICT_OBJC_MSGSEND = YES;
				ENABLE_USER_SCRIPT_SANDBOXING = YES;
				GCC_C_LANGUAGE_STANDARD = gnu17;
				GCC_NO_COMMON_BLOCKS = YES;
				GCC_WARN_64_TO_32_BIT_CONVERSION = YES;
				GCC_WARN_ABOUT_RETURN_TYPE = YES_ERROR;
				GCC_WARN_UNDECLARED_SELECTOR = YES;
				GCC_WARN_UNINITIALIZED_AUTOS = YES_AGGRESSIVE;
				GCC_WARN_UNUSED_FUNCTION = YES;
				GCC_WARN_UNUSED_VARIABLE = YES;
				IPHONEOS_DEPLOYMENT_TARGET = 17.4;
				LOCALIZATION_PREFERS_STRING_CATALOGS = YES;
				MTL_ENABLE_DEBUG_INFO = NO;
				MTL_FAST_MATH = YES;
				SDKROOT = iphoneos;
				SWIFT_COMPILATION_MODE = wholemodule;
				VALIDATE_PRODUCT = YES;
			};
			name = Release;
		};
		117E3D812BC6E449001ED05A /* Debug */ = {
			isa = XCBuildConfiguration;
			buildSettings = {
				ASSETCATALOG_COMPILER_APPICON_NAME = AppIcon;
				ASSETCATALOG_COMPILER_GLOBAL_ACCENT_COLOR_NAME = AccentColor;
				CODE_SIGN_STYLE = Automatic;
				CURRENT_PROJECT_VERSION = 1;
				DEVELOPMENT_ASSET_PATHS = "\"PixelMeteo/Preview Content\"";
				DEVELOPMENT_TEAM = R82DC4STSC;
				ENABLE_PREVIEWS = YES;
				GENERATE_INFOPLIST_FILE = YES;
				INFOPLIST_FILE = PixelMeteo/Info.plist;
				INFOPLIST_KEY_UIApplicationSceneManifest_Generation = YES;
				INFOPLIST_KEY_UIApplicationSupportsIndirectInputEvents = YES;
				INFOPLIST_KEY_UILaunchScreen_Generation = YES;
				INFOPLIST_KEY_UISupportedInterfaceOrientations = UIInterfaceOrientationPortrait;
				LD_RUNPATH_SEARCH_PATHS = (
					"$(inherited)",
					"@executable_path/Frameworks",
				);
				MARKETING_VERSION = 1.0;
				PRODUCT_BUNDLE_IDENTIFIER = com.swift.janice.PixelMeteo;
				PRODUCT_NAME = "$(TARGET_NAME)";
				SWIFT_EMIT_LOC_STRINGS = YES;
				SWIFT_VERSION = 5.0;
				TARGETED_DEVICE_FAMILY = "1,2";
			};
			name = Debug;
		};
		117E3D822BC6E449001ED05A /* Release */ = {
			isa = XCBuildConfiguration;
			buildSettings = {
				ASSETCATALOG_COMPILER_APPICON_NAME = AppIcon;
				ASSETCATALOG_COMPILER_GLOBAL_ACCENT_COLOR_NAME = AccentColor;
				CODE_SIGN_STYLE = Automatic;
				CURRENT_PROJECT_VERSION = 1;
				DEVELOPMENT_ASSET_PATHS = "\"PixelMeteo/Preview Content\"";
				DEVELOPMENT_TEAM = R82DC4STSC;
				ENABLE_PREVIEWS = YES;
				GENERATE_INFOPLIST_FILE = YES;
				INFOPLIST_FILE = PixelMeteo/Info.plist;
				INFOPLIST_KEY_UIApplicationSceneManifest_Generation = YES;
				INFOPLIST_KEY_UIApplicationSupportsIndirectInputEvents = YES;
				INFOPLIST_KEY_UILaunchScreen_Generation = YES;
				INFOPLIST_KEY_UISupportedInterfaceOrientations = UIInterfaceOrientationPortrait;
				LD_RUNPATH_SEARCH_PATHS = (
					"$(inherited)",
					"@executable_path/Frameworks",
				);
				MARKETING_VERSION = 1.0;
				PRODUCT_BUNDLE_IDENTIFIER = com.swift.janice.PixelMeteo;
				PRODUCT_NAME = "$(TARGET_NAME)";
				SWIFT_EMIT_LOC_STRINGS = YES;
				SWIFT_VERSION = 5.0;
				TARGETED_DEVICE_FAMILY = "1,2";
			};
			name = Release;
		};
		117E3D842BC6E449001ED05A /* Debug */ = {
			isa = XCBuildConfiguration;
			buildSettings = {
				ALWAYS_EMBED_SWIFT_STANDARD_LIBRARIES = YES;
				BUNDLE_LOADER = "$(TEST_HOST)";
				CODE_SIGN_STYLE = Automatic;
				CURRENT_PROJECT_VERSION = 1;
				DEVELOPMENT_TEAM = R82DC4STSC;
				GENERATE_INFOPLIST_FILE = YES;
				IPHONEOS_DEPLOYMENT_TARGET = 17.4;
				MARKETING_VERSION = 1.0;
				PRODUCT_BUNDLE_IDENTIFIER = com.swift.janice.PixelMeteoTests;
				PRODUCT_NAME = "$(TARGET_NAME)";
				SWIFT_EMIT_LOC_STRINGS = NO;
				SWIFT_VERSION = 5.0;
				TARGETED_DEVICE_FAMILY = "1,2";
				TEST_HOST = "$(BUILT_PRODUCTS_DIR)/PixelMeteo.app/$(BUNDLE_EXECUTABLE_FOLDER_PATH)/PixelMeteo";
			};
			name = Debug;
		};
		117E3D852BC6E449001ED05A /* Release */ = {
			isa = XCBuildConfiguration;
			buildSettings = {
				ALWAYS_EMBED_SWIFT_STANDARD_LIBRARIES = YES;
				BUNDLE_LOADER = "$(TEST_HOST)";
				CODE_SIGN_STYLE = Automatic;
				CURRENT_PROJECT_VERSION = 1;
				DEVELOPMENT_TEAM = R82DC4STSC;
				GENERATE_INFOPLIST_FILE = YES;
				IPHONEOS_DEPLOYMENT_TARGET = 17.4;
				MARKETING_VERSION = 1.0;
				PRODUCT_BUNDLE_IDENTIFIER = com.swift.janice.PixelMeteoTests;
				PRODUCT_NAME = "$(TARGET_NAME)";
				SWIFT_EMIT_LOC_STRINGS = NO;
				SWIFT_VERSION = 5.0;
				TARGETED_DEVICE_FAMILY = "1,2";
				TEST_HOST = "$(BUILT_PRODUCTS_DIR)/PixelMeteo.app/$(BUNDLE_EXECUTABLE_FOLDER_PATH)/PixelMeteo";
			};
			name = Release;
		};
		117E3D872BC6E449001ED05A /* Debug */ = {
			isa = XCBuildConfiguration;
			buildSettings = {
				ALWAYS_EMBED_SWIFT_STANDARD_LIBRARIES = YES;
				CODE_SIGN_STYLE = Automatic;
				CURRENT_PROJECT_VERSION = 1;
				DEVELOPMENT_TEAM = R82DC4STSC;
				GENERATE_INFOPLIST_FILE = YES;
				MARKETING_VERSION = 1.0;
				PRODUCT_BUNDLE_IDENTIFIER = com.swift.janice.PixelMeteoUITests;
				PRODUCT_NAME = "$(TARGET_NAME)";
				SWIFT_EMIT_LOC_STRINGS = NO;
				SWIFT_VERSION = 5.0;
				TARGETED_DEVICE_FAMILY = "1,2";
				TEST_TARGET_NAME = PixelMeteo;
			};
			name = Debug;
		};
		117E3D882BC6E449001ED05A /* Release */ = {
			isa = XCBuildConfiguration;
			buildSettings = {
				ALWAYS_EMBED_SWIFT_STANDARD_LIBRARIES = YES;
				CODE_SIGN_STYLE = Automatic;
				CURRENT_PROJECT_VERSION = 1;
				DEVELOPMENT_TEAM = R82DC4STSC;
				GENERATE_INFOPLIST_FILE = YES;
				MARKETING_VERSION = 1.0;
				PRODUCT_BUNDLE_IDENTIFIER = com.swift.janice.PixelMeteoUITests;
				PRODUCT_NAME = "$(TARGET_NAME)";
				SWIFT_EMIT_LOC_STRINGS = NO;
				SWIFT_VERSION = 5.0;
				TARGETED_DEVICE_FAMILY = "1,2";
				TEST_TARGET_NAME = PixelMeteo;
			};
			name = Release;
		};
/* End XCBuildConfiguration section */

/* Begin XCConfigurationList section */
		117E3D572BC6E448001ED05A /* Build configuration list for PBXProject "PixelMeteo" */ = {
			isa = XCConfigurationList;
			buildConfigurations = (
				117E3D7E2BC6E449001ED05A /* Debug */,
				117E3D7F2BC6E449001ED05A /* Release */,
			);
			defaultConfigurationIsVisible = 0;
			defaultConfigurationName = Release;
		};
		117E3D802BC6E449001ED05A /* Build configuration list for PBXNativeTarget "PixelMeteo" */ = {
			isa = XCConfigurationList;
			buildConfigurations = (
				117E3D812BC6E449001ED05A /* Debug */,
				117E3D822BC6E449001ED05A /* Release */,
			);
			defaultConfigurationIsVisible = 0;
			defaultConfigurationName = Release;
		};
		117E3D832BC6E449001ED05A /* Build configuration list for PBXNativeTarget "PixelMeteoTests" */ = {
			isa = XCConfigurationList;
			buildConfigurations = (
				117E3D842BC6E449001ED05A /* Debug */,
				117E3D852BC6E449001ED05A /* Release */,
			);
			defaultConfigurationIsVisible = 0;
			defaultConfigurationName = Release;
		};
		117E3D862BC6E449001ED05A /* Build configuration list for PBXNativeTarget "PixelMeteoUITests" */ = {
			isa = XCConfigurationList;
			buildConfigurations = (
				117E3D872BC6E449001ED05A /* Debug */,
				117E3D882BC6E449001ED05A /* Release */,
			);
			defaultConfigurationIsVisible = 0;
			defaultConfigurationName = Release;
		};
/* End XCConfigurationList section */
	};
	rootObject = 117E3D542BC6E448001ED05A /* Project object */;
}
