// !$*UTF8*$!
{
	archiveVersion = 1;
	classes = {
	};
	objectVersion = 56;
	objects = {

/* Begin PBXBuildFile section */
		117E3D282BC6DE0C001ED05A /* PixelMeteoApp.swift in Sources */ = {isa = PBXBuildFile; fileRef = 117E3D272BC6DE0C001ED05A /* PixelMeteoApp.swift */; };
		117E3D2A2BC6DE0C001ED05A /* ContentView.swift in Sources */ = {isa = PBXBuildFile; fileRef = 117E3D292BC6DE0C001ED05A /* ContentView.swift */; };
		117E3D2C2BC6DE0C001ED05A /* Item.swift in Sources */ = {isa = PBXBuildFile; fileRef = 117E3D2B2BC6DE0C001ED05A /* Item.swift */; };
		117E3D2E2BC6DE0E001ED05A /* Assets.xcassets in Resources */ = {isa = PBXBuildFile; fileRef = 117E3D2D2BC6DE0E001ED05A /* Assets.xcassets */; };
		117E3D312BC6DE0E001ED05A /* Preview Assets.xcassets in Resources */ = {isa = PBXBuildFile; fileRef = 117E3D302BC6DE0E001ED05A /* Preview Assets.xcassets */; };
		117E3D3B2BC6DE0E001ED05A /* PixelMeteoTests.swift in Sources */ = {isa = PBXBuildFile; fileRef = 117E3D3A2BC6DE0E001ED05A /* PixelMeteoTests.swift */; };
		117E3D452BC6DE0E001ED05A /* PixelMeteoUITests.swift in Sources */ = {isa = PBXBuildFile; fileRef = 117E3D442BC6DE0E001ED05A /* PixelMeteoUITests.swift */; };
		117E3D472BC6DE0E001ED05A /* PixelMeteoUITestsLaunchTests.swift in Sources */ = {isa = PBXBuildFile; fileRef = 117E3D462BC6DE0E001ED05A /* PixelMeteoUITestsLaunchTests.swift */; };
/* End PBXBuildFile section */

/* Begin PBXContainerItemProxy section */
		117E3D372BC6DE0E001ED05A /* PBXContainerItemProxy */ = {
			isa = PBXContainerItemProxy;
			containerPortal = 117E3D1C2BC6DE0C001ED05A /* Project object */;
			proxyType = 1;
			remoteGlobalIDString = 117E3D232BC6DE0C001ED05A;
			remoteInfo = PixelMeteo;
		};
		117E3D412BC6DE0E001ED05A /* PBXContainerItemProxy */ = {
			isa = PBXContainerItemProxy;
			containerPortal = 117E3D1C2BC6DE0C001ED05A /* Project object */;
			proxyType = 1;
			remoteGlobalIDString = 117E3D232BC6DE0C001ED05A;
			remoteInfo = PixelMeteo;
		};
/* End PBXContainerItemProxy section */

/* Begin PBXFileReference section */
		117E3D242BC6DE0C001ED05A /* PixelMeteo.app */ = {isa = PBXFileReference; explicitFileType = wrapper.application; includeInIndex = 0; path = PixelMeteo.app; sourceTree = BUILT_PRODUCTS_DIR; };
		117E3D272BC6DE0C001ED05A /* PixelMeteoApp.swift */ = {isa = PBXFileReference; lastKnownFileType = sourcecode.swift; path = PixelMeteoApp.swift; sourceTree = "<group>"; };
		117E3D292BC6DE0C001ED05A /* ContentView.swift */ = {isa = PBXFileReference; lastKnownFileType = sourcecode.swift; path = ContentView.swift; sourceTree = "<group>"; };
		117E3D2B2BC6DE0C001ED05A /* Item.swift */ = {isa = PBXFileReference; lastKnownFileType = sourcecode.swift; path = Item.swift; sourceTree = "<group>"; };
		117E3D2D2BC6DE0E001ED05A /* Assets.xcassets */ = {isa = PBXFileReference; lastKnownFileType = folder.assetcatalog; path = Assets.xcassets; sourceTree = "<group>"; };
		117E3D302BC6DE0E001ED05A /* Preview Assets.xcassets */ = {isa = PBXFileReference; lastKnownFileType = folder.assetcatalog; path = "Preview Assets.xcassets"; sourceTree = "<group>"; };
		117E3D362BC6DE0E001ED05A /* PixelMeteoTests.xctest */ = {isa = PBXFileReference; explicitFileType = wrapper.cfbundle; includeInIndex = 0; path = PixelMeteoTests.xctest; sourceTree = BUILT_PRODUCTS_DIR; };
		117E3D3A2BC6DE0E001ED05A /* PixelMeteoTests.swift */ = {isa = PBXFileReference; lastKnownFileType = sourcecode.swift; path = PixelMeteoTests.swift; sourceTree = "<group>"; };
		117E3D402BC6DE0E001ED05A /* PixelMeteoUITests.xctest */ = {isa = PBXFileReference; explicitFileType = wrapper.cfbundle; includeInIndex = 0; path = PixelMeteoUITests.xctest; sourceTree = BUILT_PRODUCTS_DIR; };
		117E3D442BC6DE0E001ED05A /* PixelMeteoUITests.swift */ = {isa = PBXFileReference; lastKnownFileType = sourcecode.swift; path = PixelMeteoUITests.swift; sourceTree = "<group>"; };
		117E3D462BC6DE0E001ED05A /* PixelMeteoUITestsLaunchTests.swift */ = {isa = PBXFileReference; lastKnownFileType = sourcecode.swift; path = PixelMeteoUITestsLaunchTests.swift; sourceTree = "<group>"; };
/* End PBXFileReference section */

/* Begin PBXFrameworksBuildPhase section */
		117E3D212BC6DE0C001ED05A /* Frameworks */ = {
			isa = PBXFrameworksBuildPhase;
			buildActionMask = 2147483647;
			files = (
			);
			runOnlyForDeploymentPostprocessing = 0;
		};
		117E3D332BC6DE0E001ED05A /* Frameworks */ = {
			isa = PBXFrameworksBuildPhase;
			buildActionMask = 2147483647;
			files = (
			);
			runOnlyForDeploymentPostprocessing = 0;
		};
		117E3D3D2BC6DE0E001ED05A /* Frameworks */ = {
			isa = PBXFrameworksBuildPhase;
			buildActionMask = 2147483647;
			files = (
			);
			runOnlyForDeploymentPostprocessing = 0;
		};
/* End PBXFrameworksBuildPhase section */

/* Begin PBXGroup section */
		117E3D1B2BC6DE0C001ED05A = {
			isa = PBXGroup;
			children = (
				117E3D262BC6DE0C001ED05A /* PixelMeteo */,
				117E3D392BC6DE0E001ED05A /* PixelMeteoTests */,
				117E3D432BC6DE0E001ED05A /* PixelMeteoUITests */,
				117E3D252BC6DE0C001ED05A /* Products */,
			);
			sourceTree = "<group>";
		};
		117E3D252BC6DE0C001ED05A /* Products */ = {
			isa = PBXGroup;
			children = (
				117E3D242BC6DE0C001ED05A /* PixelMeteo.app */,
				117E3D362BC6DE0E001ED05A /* PixelMeteoTests.xctest */,
				117E3D402BC6DE0E001ED05A /* PixelMeteoUITests.xctest */,
			);
			name = Products;
			sourceTree = "<group>";
		};
		117E3D262BC6DE0C001ED05A /* PixelMeteo */ = {
			isa = PBXGroup;
			children = (
				117E3D272BC6DE0C001ED05A /* PixelMeteoApp.swift */,
				117E3D292BC6DE0C001ED05A /* ContentView.swift */,
				117E3D2B2BC6DE0C001ED05A /* Item.swift */,
				117E3D2D2BC6DE0E001ED05A /* Assets.xcassets */,
				117E3D2F2BC6DE0E001ED05A /* Preview Content */,
			);
			path = PixelMeteo;
			sourceTree = "<group>";
		};
		117E3D2F2BC6DE0E001ED05A /* Preview Content */ = {
			isa = PBXGroup;
			children = (
				117E3D302BC6DE0E001ED05A /* Preview Assets.xcassets */,
			);
			path = "Preview Content";
			sourceTree = "<group>";
		};
		117E3D392BC6DE0E001ED05A /* PixelMeteoTests */ = {
			isa = PBXGroup;
			children = (
				117E3D3A2BC6DE0E001ED05A /* PixelMeteoTests.swift */,
			);
			path = PixelMeteoTests;
			sourceTree = "<group>";
		};
		117E3D432BC6DE0E001ED05A /* PixelMeteoUITests */ = {
			isa = PBXGroup;
			children = (
				117E3D442BC6DE0E001ED05A /* PixelMeteoUITests.swift */,
				117E3D462BC6DE0E001ED05A /* PixelMeteoUITestsLaunchTests.swift */,
			);
			path = PixelMeteoUITests;
			sourceTree = "<group>";
		};
/* End PBXGroup section */

/* Begin PBXNativeTarget section */
		117E3D232BC6DE0C001ED05A /* PixelMeteo */ = {
			isa = PBXNativeTarget;
			buildConfigurationList = 117E3D4A2BC6DE0E001ED05A /* Build configuration list for PBXNativeTarget "PixelMeteo" */;
			buildPhases = (
				117E3D202BC6DE0C001ED05A /* Sources */,
				117E3D212BC6DE0C001ED05A /* Frameworks */,
				117E3D222BC6DE0C001ED05A /* Resources */,
			);
			buildRules = (
			);
			dependencies = (
			);
			name = PixelMeteo;
			productName = PixelMeteo;
			productReference = 117E3D242BC6DE0C001ED05A /* PixelMeteo.app */;
			productType = "com.apple.product-type.application";
		};
		117E3D352BC6DE0E001ED05A /* PixelMeteoTests */ = {
			isa = PBXNativeTarget;
			buildConfigurationList = 117E3D4D2BC6DE0E001ED05A /* Build configuration list for PBXNativeTarget "PixelMeteoTests" */;
			buildPhases = (
				117E3D322BC6DE0E001ED05A /* Sources */,
				117E3D332BC6DE0E001ED05A /* Frameworks */,
				117E3D342BC6DE0E001ED05A /* Resources */,
			);
			buildRules = (
			);
			dependencies = (
				117E3D382BC6DE0E001ED05A /* PBXTargetDependency */,
			);
			name = PixelMeteoTests;
			productName = PixelMeteoTests;
			productReference = 117E3D362BC6DE0E001ED05A /* PixelMeteoTests.xctest */;
			productType = "com.apple.product-type.bundle.unit-test";
		};
		117E3D3F2BC6DE0E001ED05A /* PixelMeteoUITests */ = {
			isa = PBXNativeTarget;
			buildConfigurationList = 117E3D502BC6DE0E001ED05A /* Build configuration list for PBXNativeTarget "PixelMeteoUITests" */;
			buildPhases = (
				117E3D3C2BC6DE0E001ED05A /* Sources */,
				117E3D3D2BC6DE0E001ED05A /* Frameworks */,
				117E3D3E2BC6DE0E001ED05A /* Resources */,
			);
			buildRules = (
			);
			dependencies = (
				117E3D422BC6DE0E001ED05A /* PBXTargetDependency */,
			);
			name = PixelMeteoUITests;
			productName = PixelMeteoUITests;
			productReference = 117E3D402BC6DE0E001ED05A /* PixelMeteoUITests.xctest */;
			productType = "com.apple.product-type.bundle.ui-testing";
		};
/* End PBXNativeTarget section */

/* Begin PBXProject section */
		117E3D1C2BC6DE0C001ED05A /* Project object */ = {
			isa = PBXProject;
			attributes = {
				BuildIndependentTargetsInParallel = 1;
				LastSwiftUpdateCheck = 1530;
				LastUpgradeCheck = 1530;
				TargetAttributes = {
					117E3D232BC6DE0C001ED05A = {
						CreatedOnToolsVersion = 15.3;
					};
					117E3D352BC6DE0E001ED05A = {
						CreatedOnToolsVersion = 15.3;
						TestTargetID = 117E3D232BC6DE0C001ED05A;
					};
					117E3D3F2BC6DE0E001ED05A = {
						CreatedOnToolsVersion = 15.3;
						TestTargetID = 117E3D232BC6DE0C001ED05A;
					};
				};
			};
			buildConfigurationList = 117E3D1F2BC6DE0C001ED05A /* Build configuration list for PBXProject "PixelMeteo" */;
			compatibilityVersion = "Xcode 14.0";
			developmentRegion = en;
			hasScannedForEncodings = 0;
			knownRegions = (
				en,
				Base,
			);
			mainGroup = 117E3D1B2BC6DE0C001ED05A;
			productRefGroup = 117E3D252BC6DE0C001ED05A /* Products */;
			projectDirPath = "";
			projectRoot = "";
			targets = (
				117E3D232BC6DE0C001ED05A /* PixelMeteo */,
				117E3D352BC6DE0E001ED05A /* PixelMeteoTests */,
				117E3D3F2BC6DE0E001ED05A /* PixelMeteoUITests */,
			);
		};
/* End PBXProject section */

/* Begin PBXResourcesBuildPhase section */
		117E3D222BC6DE0C001ED05A /* Resources */ = {
			isa = PBXResourcesBuildPhase;
			buildActionMask = 2147483647;
			files = (
				117E3D312BC6DE0E001ED05A /* Preview Assets.xcassets in Resources */,
				117E3D2E2BC6DE0E001ED05A /* Assets.xcassets in Resources */,
			);
			runOnlyForDeploymentPostprocessing = 0;
		};
		117E3D342BC6DE0E001ED05A /* Resources */ = {
			isa = PBXResourcesBuildPhase;
			buildActionMask = 2147483647;
			files = (
			);
			runOnlyForDeploymentPostprocessing = 0;
		};
		117E3D3E2BC6DE0E001ED05A /* Resources */ = {
			isa = PBXResourcesBuildPhase;
			buildActionMask = 2147483647;
			files = (
			);
			runOnlyForDeploymentPostprocessing = 0;
		};
/* End PBXResourcesBuildPhase section */

/* Begin PBXSourcesBuildPhase section */
		117E3D202BC6DE0C001ED05A /* Sources */ = {
			isa = PBXSourcesBuildPhase;
			buildActionMask = 2147483647;
			files = (
				117E3D2A2BC6DE0C001ED05A /* ContentView.swift in Sources */,
				117E3D2C2BC6DE0C001ED05A /* Item.swift in Sources */,
				117E3D282BC6DE0C001ED05A /* PixelMeteoApp.swift in Sources */,
			);
			runOnlyForDeploymentPostprocessing = 0;
		};
		117E3D322BC6DE0E001ED05A /* Sources */ = {
			isa = PBXSourcesBuildPhase;
			buildActionMask = 2147483647;
			files = (
				117E3D3B2BC6DE0E001ED05A /* PixelMeteoTests.swift in Sources */,
			);
			runOnlyForDeploymentPostprocessing = 0;
		};
		117E3D3C2BC6DE0E001ED05A /* Sources */ = {
			isa = PBXSourcesBuildPhase;
			buildActionMask = 2147483647;
			files = (
				117E3D472BC6DE0E001ED05A /* PixelMeteoUITestsLaunchTests.swift in Sources */,
				117E3D452BC6DE0E001ED05A /* PixelMeteoUITests.swift in Sources */,
			);
			runOnlyForDeploymentPostprocessing = 0;
		};
/* End PBXSourcesBuildPhase section */

/* Begin PBXTargetDependency section */
		117E3D382BC6DE0E001ED05A /* PBXTargetDependency */ = {
			isa = PBXTargetDependency;
			target = 117E3D232BC6DE0C001ED05A /* PixelMeteo */;
			targetProxy = 117E3D372BC6DE0E001ED05A /* PBXContainerItemProxy */;
		};
		117E3D422BC6DE0E001ED05A /* PBXTargetDependency */ = {
			isa = PBXTargetDependency;
			target = 117E3D232BC6DE0C001ED05A /* PixelMeteo */;
			targetProxy = 117E3D412BC6DE0E001ED05A /* PBXContainerItemProxy */;
		};
/* End PBXTargetDependency section */

/* Begin XCBuildConfiguration section */
		117E3D482BC6DE0E001ED05A /* Debug */ = {
			isa = XCBuildConfiguration;
			buildSettings = {
				ALWAYS_SEARCH_USER_PATHS = NO;
				ASSETCATALOG_COMPILER_GENERATE_SWIFT_ASSET_SYMBOL_EXTENSIONS = YES;
				CLANG_ANALYZER_NONNULL = YES;
				CLANG_ANALYZER_NUMBER_OBJECT_CONVERSION = YES_AGGRESSIVE;
				CLANG_CXX_LANGUAGE_STANDARD = "gnu++20";
				CLANG_ENABLE_MODULES = YES;
				CLANG_ENABLE_OBJC_ARC = YES;
				CLANG_ENABLE_OBJC_WEAK = YES;
				CLANG_WARN_BLOCK_CAPTURE_AUTORELEASING = YES;
				CLANG_WARN_BOOL_CONVERSION = YES;
				CLANG_WARN_COMMA = YES;
				CLANG_WARN_CONSTANT_CONVERSION = YES;
				CLANG_WARN_DEPRECATED_OBJC_IMPLEMENTATIONS = YES;
				CLANG_WARN_DIRECT_OBJC_ISA_USAGE = YES_ERROR;
				CLANG_WARN_DOCUMENTATION_COMMENTS = YES;
				CLANG_WARN_EMPTY_BODY = YES;
				CLANG_WARN_ENUM_CONVERSION = YES;
				CLANG_WARN_INFINITE_RECURSION = YES;
				CLANG_WARN_INT_CONVERSION = YES;
				CLANG_WARN_NON_LITERAL_NULL_CONVERSION = YES;
				CLANG_WARN_OBJC_IMPLICIT_RETAIN_SELF = YES;
				CLANG_WARN_OBJC_LITERAL_CONVERSION = YES;
				CLANG_WARN_OBJC_ROOT_CLASS = YES_ERROR;
				CLANG_WARN_QUOTED_INCLUDE_IN_FRAMEWORK_HEADER = YES;
				CLANG_WARN_RANGE_LOOP_ANALYSIS = YES;
				CLANG_WARN_STRICT_PROTOTYPES = YES;
				CLANG_WARN_SUSPICIOUS_MOVE = YES;
				CLANG_WARN_UNGUARDED_AVAILABILITY = YES_AGGRESSIVE;
				CLANG_WARN_UNREACHABLE_CODE = YES;
				CLANG_WARN__DUPLICATE_METHOD_MATCH = YES;
				COPY_PHASE_STRIP = NO;
				DEBUG_INFORMATION_FORMAT = dwarf;
				ENABLE_STRICT_OBJC_MSGSEND = YES;
				ENABLE_TESTABILITY = YES;
				ENABLE_USER_SCRIPT_SANDBOXING = YES;
				GCC_C_LANGUAGE_STANDARD = gnu17;
				GCC_DYNAMIC_NO_PIC = NO;
				GCC_NO_COMMON_BLOCKS = YES;
				GCC_OPTIMIZATION_LEVEL = 0;
				GCC_PREPROCESSOR_DEFINITIONS = (
					"DEBUG=1",
					"$(inherited)",
				);
				GCC_WARN_64_TO_32_BIT_CONVERSION = YES;
				GCC_WARN_ABOUT_RETURN_TYPE = YES_ERROR;
				GCC_WARN_UNDECLARED_SELECTOR = YES;
				GCC_WARN_UNINITIALIZED_AUTOS = YES_AGGRESSIVE;
				GCC_WARN_UNUSED_FUNCTION = YES;
				GCC_WARN_UNUSED_VARIABLE = YES;
				IPHONEOS_DEPLOYMENT_TARGET = 17.4;
				LOCALIZATION_PREFERS_STRING_CATALOGS = YES;
				MTL_ENABLE_DEBUG_INFO = INCLUDE_SOURCE;
				MTL_FAST_MATH = YES;
				ONLY_ACTIVE_ARCH = YES;
				SDKROOT = iphoneos;
				SWIFT_ACTIVE_COMPILATION_CONDITIONS = "DEBUG $(inherited)";
				SWIFT_OPTIMIZATION_LEVEL = "-Onone";
			};
			name = Debug;
		};
		117E3D492BC6DE0E001ED05A /* Release */ = {
			isa = XCBuildConfiguration;
			buildSettings = {
				ALWAYS_SEARCH_USER_PATHS = NO;
				ASSETCATALOG_COMPILER_GENERATE_SWIFT_ASSET_SYMBOL_EXTENSIONS = YES;
				CLANG_ANALYZER_NONNULL = YES;
				CLANG_ANALYZER_NUMBER_OBJECT_CONVERSION = YES_AGGRESSIVE;
				CLANG_CXX_LANGUAGE_STANDARD = "gnu++20";
				CLANG_ENABLE_MODULES = YES;
				CLANG_ENABLE_OBJC_ARC = YES;
				CLANG_ENABLE_OBJC_WEAK = YES;
				CLANG_WARN_BLOCK_CAPTURE_AUTORELEASING = YES;
				CLANG_WARN_BOOL_CONVERSION = YES;
				CLANG_WARN_COMMA = YES;
				CLANG_WARN_CONSTANT_CONVERSION = YES;
				CLANG_WARN_DEPRECATED_OBJC_IMPLEMENTATIONS = YES;
				CLANG_WARN_DIRECT_OBJC_ISA_USAGE = YES_ERROR;
				CLANG_WARN_DOCUMENTATION_COMMENTS = YES;
				CLANG_WARN_EMPTY_BODY = YES;
				CLANG_WARN_ENUM_CONVERSION = YES;
				CLANG_WARN_INFINITE_RECURSION = YES;
				CLANG_WARN_INT_CONVERSION = YES;
				CLANG_WARN_NON_LITERAL_NULL_CONVERSION = YES;
				CLANG_WARN_OBJC_IMPLICIT_RETAIN_SELF = YES;
				CLANG_WARN_OBJC_LITERAL_CONVERSION = YES;
				CLANG_WARN_OBJC_ROOT_CLASS = YES_ERROR;
				CLANG_WARN_QUOTED_INCLUDE_IN_FRAMEWORK_HEADER = YES;
				CLANG_WARN_RANGE_LOOP_ANALYSIS = YES;
				CLANG_WARN_STRICT_PROTOTYPES = YES;
				CLANG_WARN_SUSPICIOUS_MOVE = YES;
				CLANG_WARN_UNGUARDED_AVAILABILITY = YES_AGGRESSIVE;
				CLANG_WARN_UNREACHABLE_CODE = YES;
				CLANG_WARN__DUPLICATE_METHOD_MATCH = YES;
				COPY_PHASE_STRIP = NO;
				DEBUG_INFORMATION_FORMAT = "dwarf-with-dsym";
				ENABLE_NS_ASSERTIONS = NO;
				ENABLE_STRICT_OBJC_MSGSEND = YES;
				ENABLE_USER_SCRIPT_SANDBOXING = YES;
				GCC_C_LANGUAGE_STANDARD = gnu17;
				GCC_NO_COMMON_BLOCKS = YES;
				GCC_WARN_64_TO_32_BIT_CONVERSION = YES;
				GCC_WARN_ABOUT_RETURN_TYPE = YES_ERROR;
				GCC_WARN_UNDECLARED_SELECTOR = YES;
				GCC_WARN_UNINITIALIZED_AUTOS = YES_AGGRESSIVE;
				GCC_WARN_UNUSED_FUNCTION = YES;
				GCC_WARN_UNUSED_VARIABLE = YES;
				IPHONEOS_DEPLOYMENT_TARGET = 17.4;
				LOCALIZATION_PREFERS_STRING_CATALOGS = YES;
				MTL_ENABLE_DEBUG_INFO = NO;
				MTL_FAST_MATH = YES;
				SDKROOT = iphoneos;
				SWIFT_COMPILATION_MODE = wholemodule;
				VALIDATE_PRODUCT = YES;
			};
			name = Release;
		};
		117E3D4B2BC6DE0E001ED05A /* Debug */ = {
			isa = XCBuildConfiguration;
			buildSettings = {
				ASSETCATALOG_COMPILER_APPICON_NAME = AppIcon;
				ASSETCATALOG_COMPILER_GLOBAL_ACCENT_COLOR_NAME = AccentColor;
				CODE_SIGN_STYLE = Automatic;
				CURRENT_PROJECT_VERSION = 1;
				DEVELOPMENT_ASSET_PATHS = "\"PixelMeteo/Preview Content\"";
				DEVELOPMENT_TEAM = R82DC4STSC;
				ENABLE_PREVIEWS = YES;
				GENERATE_INFOPLIST_FILE = YES;
				INFOPLIST_KEY_UIApplicationSceneManifest_Generation = YES;
				INFOPLIST_KEY_UIApplicationSupportsIndirectInputEvents = YES;
				INFOPLIST_KEY_UILaunchScreen_Generation = YES;
				INFOPLIST_KEY_UISupportedInterfaceOrientations_iPad = "UIInterfaceOrientationPortrait UIInterfaceOrientationPortraitUpsideDown UIInterfaceOrientationLandscapeLeft UIInterfaceOrientationLandscapeRight";
				INFOPLIST_KEY_UISupportedInterfaceOrientations_iPhone = "UIInterfaceOrientationPortrait UIInterfaceOrientationLandscapeLeft UIInterfaceOrientationLandscapeRight";
				LD_RUNPATH_SEARCH_PATHS = (
					"$(inherited)",
					"@executable_path/Frameworks",
				);
				MARKETING_VERSION = 1.0;
				PRODUCT_BUNDLE_IDENTIFIER = com.swift.janice.PixelMeteo;
				PRODUCT_NAME = "$(TARGET_NAME)";
				SWIFT_EMIT_LOC_STRINGS = YES;
				SWIFT_VERSION = 5.0;
				TARGETED_DEVICE_FAMILY = "1,2";
			};
			name = Debug;
		};
		117E3D4C2BC6DE0E001ED05A /* Release */ = {
			isa = XCBuildConfiguration;
			buildSettings = {
				ASSETCATALOG_COMPILER_APPICON_NAME = AppIcon;
				ASSETCATALOG_COMPILER_GLOBAL_ACCENT_COLOR_NAME = AccentColor;
				CODE_SIGN_STYLE = Automatic;
				CURRENT_PROJECT_VERSION = 1;
				DEVELOPMENT_ASSET_PATHS = "\"PixelMeteo/Preview Content\"";
				DEVELOPMENT_TEAM = R82DC4STSC;
				ENABLE_PREVIEWS = YES;
				GENERATE_INFOPLIST_FILE = YES;
				INFOPLIST_KEY_UIApplicationSceneManifest_Generation = YES;
				INFOPLIST_KEY_UIApplicationSupportsIndirectInputEvents = YES;
				INFOPLIST_KEY_UILaunchScreen_Generation = YES;
				INFOPLIST_KEY_UISupportedInterfaceOrientations_iPad = "UIInterfaceOrientationPortrait UIInterfaceOrientationPortraitUpsideDown UIInterfaceOrientationLandscapeLeft UIInterfaceOrientationLandscapeRight";
				INFOPLIST_KEY_UISupportedInterfaceOrientations_iPhone = "UIInterfaceOrientationPortrait UIInterfaceOrientationLandscapeLeft UIInterfaceOrientationLandscapeRight";
				LD_RUNPATH_SEARCH_PATHS = (
					"$(inherited)",
					"@executable_path/Frameworks",
				);
				MARKETING_VERSION = 1.0;
				PRODUCT_BUNDLE_IDENTIFIER = com.swift.janice.PixelMeteo;
				PRODUCT_NAME = "$(TARGET_NAME)";
				SWIFT_EMIT_LOC_STRINGS = YES;
				SWIFT_VERSION = 5.0;
				TARGETED_DEVICE_FAMILY = "1,2";
			};
			name = Release;
		};
		117E3D4E2BC6DE0E001ED05A /* Debug */ = {
			isa = XCBuildConfiguration;
			buildSettings = {
				ALWAYS_EMBED_SWIFT_STANDARD_LIBRARIES = YES;
				BUNDLE_LOADER = "$(TEST_HOST)";
				CODE_SIGN_STYLE = Automatic;
				CURRENT_PROJECT_VERSION = 1;
				DEVELOPMENT_TEAM = R82DC4STSC;
				GENERATE_INFOPLIST_FILE = YES;
				IPHONEOS_DEPLOYMENT_TARGET = 17.4;
				MARKETING_VERSION = 1.0;
				PRODUCT_BUNDLE_IDENTIFIER = com.swift.janice.PixelMeteoTests;
				PRODUCT_NAME = "$(TARGET_NAME)";
				SWIFT_EMIT_LOC_STRINGS = NO;
				SWIFT_VERSION = 5.0;
				TARGETED_DEVICE_FAMILY = "1,2";
				TEST_HOST = "$(BUILT_PRODUCTS_DIR)/PixelMeteo.app/$(BUNDLE_EXECUTABLE_FOLDER_PATH)/PixelMeteo";
			};
			name = Debug;
		};
		117E3D4F2BC6DE0E001ED05A /* Release */ = {
			isa = XCBuildConfiguration;
			buildSettings = {
				ALWAYS_EMBED_SWIFT_STANDARD_LIBRARIES = YES;
				BUNDLE_LOADER = "$(TEST_HOST)";
				CODE_SIGN_STYLE = Automatic;
				CURRENT_PROJECT_VERSION = 1;
				DEVELOPMENT_TEAM = R82DC4STSC;
				GENERATE_INFOPLIST_FILE = YES;
				IPHONEOS_DEPLOYMENT_TARGET = 17.4;
				MARKETING_VERSION = 1.0;
				PRODUCT_BUNDLE_IDENTIFIER = com.swift.janice.PixelMeteoTests;
				PRODUCT_NAME = "$(TARGET_NAME)";
				SWIFT_EMIT_LOC_STRINGS = NO;
				SWIFT_VERSION = 5.0;
				TARGETED_DEVICE_FAMILY = "1,2";
				TEST_HOST = "$(BUILT_PRODUCTS_DIR)/PixelMeteo.app/$(BUNDLE_EXECUTABLE_FOLDER_PATH)/PixelMeteo";
			};
			name = Release;
		};
		117E3D512BC6DE0E001ED05A /* Debug */ = {
			isa = XCBuildConfiguration;
			buildSettings = {
				ALWAYS_EMBED_SWIFT_STANDARD_LIBRARIES = YES;
				CODE_SIGN_STYLE = Automatic;
				CURRENT_PROJECT_VERSION = 1;
				DEVELOPMENT_TEAM = R82DC4STSC;
				GENERATE_INFOPLIST_FILE = YES;
				MARKETING_VERSION = 1.0;
				PRODUCT_BUNDLE_IDENTIFIER = com.swift.janice.PixelMeteoUITests;
				PRODUCT_NAME = "$(TARGET_NAME)";
				SWIFT_EMIT_LOC_STRINGS = NO;
				SWIFT_VERSION = 5.0;
				TARGETED_DEVICE_FAMILY = "1,2";
				TEST_TARGET_NAME = PixelMeteo;
			};
			name = Debug;
		};
		117E3D522BC6DE0E001ED05A /* Release */ = {
			isa = XCBuildConfiguration;
			buildSettings = {
				ALWAYS_EMBED_SWIFT_STANDARD_LIBRARIES = YES;
				CODE_SIGN_STYLE = Automatic;
				CURRENT_PROJECT_VERSION = 1;
				DEVELOPMENT_TEAM = R82DC4STSC;
				GENERATE_INFOPLIST_FILE = YES;
				MARKETING_VERSION = 1.0;
				PRODUCT_BUNDLE_IDENTIFIER = com.swift.janice.PixelMeteoUITests;
				PRODUCT_NAME = "$(TARGET_NAME)";
				SWIFT_EMIT_LOC_STRINGS = NO;
				SWIFT_VERSION = 5.0;
				TARGETED_DEVICE_FAMILY = "1,2";
				TEST_TARGET_NAME = PixelMeteo;
			};
			name = Release;
		};
/* End XCBuildConfiguration section */

/* Begin XCConfigurationList section */
		117E3D1F2BC6DE0C001ED05A /* Build configuration list for PBXProject "PixelMeteo" */ = {
			isa = XCConfigurationList;
			buildConfigurations = (
				117E3D482BC6DE0E001ED05A /* Debug */,
				117E3D492BC6DE0E001ED05A /* Release */,
			);
			defaultConfigurationIsVisible = 0;
			defaultConfigurationName = Release;
		};
		117E3D4A2BC6DE0E001ED05A /* Build configuration list for PBXNativeTarget "PixelMeteo" */ = {
			isa = XCConfigurationList;
			buildConfigurations = (
				117E3D4B2BC6DE0E001ED05A /* Debug */,
				117E3D4C2BC6DE0E001ED05A /* Release */,
			);
			defaultConfigurationIsVisible = 0;
			defaultConfigurationName = Release;
		};
		117E3D4D2BC6DE0E001ED05A /* Build configuration list for PBXNativeTarget "PixelMeteoTests" */ = {
			isa = XCConfigurationList;
			buildConfigurations = (
				117E3D4E2BC6DE0E001ED05A /* Debug */,
				117E3D4F2BC6DE0E001ED05A /* Release */,
			);
			defaultConfigurationIsVisible = 0;
			defaultConfigurationName = Release;
		};
		117E3D502BC6DE0E001ED05A /* Build configuration list for PBXNativeTarget "PixelMeteoUITests" */ = {
			isa = XCConfigurationList;
			buildConfigurations = (
				117E3D512BC6DE0E001ED05A /* Debug */,
				117E3D522BC6DE0E001ED05A /* Release */,
			);
			defaultConfigurationIsVisible = 0;
			defaultConfigurationName = Release;
		};
/* End XCConfigurationList section */
	};
	rootObject = 117E3D1C2BC6DE0C001ED05A /* Project object */;
}
